
Microsoft Visual Studio Solution File, Format Version 12.00
# Visual Studio Version 16
VisualStudioVersion = 16.0.31205.134
MinimumVisualStudioVersion = 10.0.40219.1
Project("{FAE04EC0-301F-11D3-BF4B-00C04F79EFBC}") = "Senai.Hroads.WebApi", "Senai.Hroads.WebApi\Senai.Hroads.WebApi.csproj", "{041BE574-E14D-40E0-9674-01806729FEC7}"
EndProject
Global
	GlobalSection(SolutionConfigurationPlatforms) = preSolution
		Debug|Any CPU = Debug|Any CPU
		Release|Any CPU = Release|Any CPU
	EndGlobalSection
	GlobalSection(ProjectConfigurationPlatforms) = postSolution
		{041BE574-E14D-40E0-9674-01806729FEC7}.Debug|Any CPU.ActiveCfg = Debug|Any CPU
		{041BE574-E14D-40E0-9674-01806729FEC7}.Debug|Any CPU.Build.0 = Debug|Any CPU
		{041BE574-E14D-40E0-9674-01806729FEC7}.Release|Any CPU.ActiveCfg = Release|Any CPU
		{041BE574-E14D-40E0-9674-01806729FEC7}.Release|Any CPU.Build.0 = Release|Any CPU
	EndGlobalSection
	GlobalSection(SolutionProperties) = preSolution
		HideSolutionNode = FALSE
	EndGlobalSection
	GlobalSection(ExtensibilityGlobals) = postSolution
		SolutionGuid = {CB2F9DA3-38B9-4F3B-B8C7-477A109891F0}
	EndGlobalSection
EndGlobal
