
Microsoft Visual Studio Solution File, Format Version 12.00
# Visual Studio Version 16
VisualStudioVersion = 16.0.31205.134
MinimumVisualStudioVersion = 10.0.40219.1
Project("{FAE04EC0-301F-11D3-BF4B-00C04F79EFBC}") = "Senai.SP_MG.WebApi", "Senai.SP_MG.WebApi\Senai.SP_MG.WebApi.csproj", "{F0DC55D4-16C7-4E96-892C-56BAE32EAB1C}"
EndProject
Global
	GlobalSection(SolutionConfigurationPlatforms) = preSolution
		Debug|Any CPU = Debug|Any CPU
		Release|Any CPU = Release|Any CPU
	EndGlobalSection
	GlobalSection(ProjectConfigurationPlatforms) = postSolution
		{F0DC55D4-16C7-4E96-892C-56BAE32EAB1C}.Debug|Any CPU.ActiveCfg = Debug|Any CPU
		{F0DC55D4-16C7-4E96-892C-56BAE32EAB1C}.Debug|Any CPU.Build.0 = Debug|Any CPU
		{F0DC55D4-16C7-4E96-892C-56BAE32EAB1C}.Release|Any CPU.ActiveCfg = Release|Any CPU
		{F0DC55D4-16C7-4E96-892C-56BAE32EAB1C}.Release|Any CPU.Build.0 = Release|Any CPU
	EndGlobalSection
	GlobalSection(SolutionProperties) = preSolution
		HideSolutionNode = FALSE
	EndGlobalSection
	GlobalSection(ExtensibilityGlobals) = postSolution
		SolutionGuid = {FF4ED803-A0A8-41E7-B51E-6EE6E54CB18D}
	EndGlobalSection
EndGlobal
